
Microsoft Visual Studio Solution File, Format Version 12.00
# Visual Studio Version 17
VisualStudioVersion = 17.4.33103.184
MinimumVisualStudioVersion = 10.0.40219.1
Project("{FAE04EC0-301F-11D3-BF4B-00C04F79EFBC}") = "VoiterBot", "VoiterBot\VoiterBot.csproj", "{667E8234-22B5-4A61-BBE9-12CC89C3178E}"
EndProject
Global
	GlobalSection(SolutionConfigurationPlatforms) = preSolution
		Debug|Any CPU = Debug|Any CPU
		Release|Any CPU = Release|Any CPU
	EndGlobalSection
	GlobalSection(ProjectConfigurationPlatforms) = postSolution
		{667E8234-22B5-4A61-BBE9-12CC89C3178E}.Debug|Any CPU.ActiveCfg = Debug|Any CPU
		{667E8234-22B5-4A61-BBE9-12CC89C3178E}.Debug|Any CPU.Build.0 = Debug|Any CPU
		{667E8234-22B5-4A61-BBE9-12CC89C3178E}.Release|Any CPU.ActiveCfg = Release|Any CPU
		{667E8234-22B5-4A61-BBE9-12CC89C3178E}.Release|Any CPU.Build.0 = Release|Any CPU
	EndGlobalSection
	GlobalSection(SolutionProperties) = preSolution
		HideSolutionNode = FALSE
	EndGlobalSection
	GlobalSection(ExtensibilityGlobals) = postSolution
		SolutionGuid = {15E8D430-C2C4-4CF6-8751-BE6C53E86AAD}
	EndGlobalSection
EndGlobal
